PODS:
  - lottie-ios (1.5.2)
  - lottie-react-native (1.1.0):
    - lottie-ios
    - React
  - React (0.41.1):
    - React/Core (= 0.41.1)
  - React/Core (0.41.1):
    - React/cxxreact
    - React/yoga
  - React/cxxreact (0.41.1):
    - React/jschelpers
  - React/jschelpers (0.41.1)
  - React/RCTAnimation (0.41.1):
    - React/Core
  - React/RCTImage (0.41.1):
    - React/Core
    - React/RCTNetwork
  - React/RCTNetwork (0.41.1):
    - React/Core
  - React/RCTText (0.41.1):
    - React/Core
  - React/RCTWebSocket (0.41.1):
    - React/Core
  - React/yoga (0.41.1)

DEPENDENCIES:
  - lottie-ios (from `../../node_modules/lottie-ios`)
  - lottie-react-native (from `../../`)
  - React/Core (from `../../node_modules/react-native`)
  - React/RCTAnimation (from `../../node_modules/react-native`)
  - React/RCTImage (from `../../node_modules/react-native`)
  - React/RCTNetwork (from `../../node_modules/react-native`)
  - React/RCTText (from `../../node_modules/react-native`)
  - React/RCTWebSocket (from `../../node_modules/react-native`)

EXTERNAL SOURCES:
  lottie-ios:
    :path: "../../node_modules/lottie-ios"
  lottie-react-native:
    :path: "../../"
  React:
    :path: "../../node_modules/react-native"

SPEC CHECKSUMS:
  lottie-ios: 255a0e95973a5c4424e809d7a5c19f7384c73e84
  lottie-react-native: e307119019af05a012b9132821a94e07cbecc96d
  React: 92b73e1de23f052ab049247554427634986b40d1

PODFILE CHECKSUM: f51e2172ed228016b380cd0daa6b749a81ad54f8

COCOAPODS: 1.2.0
