Microsoft Visual Studio Solution File, Format Version 12.00
# Visual Studio Version 16
VisualStudioVersion = 16.0.29215.179
MinimumVisualStudioVersion = 10.0.40219.1
Project("{8BC9CEB8-8B4A-11D0-8D11-00A0C91BC942}") = "Example", "Example.vcxproj", "{0150DBA6-11FD-457C-A1CA-B7D0712D2AB5}"
EndProject
Project("{8BC9CEB8-8B4A-11D0-8D11-00A0C91BC942}") = "LottieReactNative", "..\..\..\src\windows\cppwinrt\LottieReactNative.vcxproj", "{E5A7828D-F596-4793-80EC-4C071E575C58}"
EndProject
Project("{2150E333-8FDC-42A3-9474-1A3956D46DE8}") = "ReactNative", "ReactNative", "{23A91460-FE88-4CE4-9ACA-A7EAA210ED3D}"
EndProject
Project("{8BC9CEB8-8B4A-11D0-8D11-00A0C91BC942}") = "Chakra", "..\..\..\node_modules\react-native-windows\Chakra\Chakra.vcxitems", "{C38970C0-5FBF-4D69-90D8-CBAC225AE895}"
EndProject
Project("{8BC9CEB8-8B4A-11D0-8D11-00A0C91BC942}") = "Common", "..\..\..\node_modules\react-native-windows\Common\Common.vcxproj", "{FCA38F3C-7C73-4C47-BE4E-32F77FA8538D}"
EndProject
Project("{8BC9CEB8-8B4A-11D0-8D11-00A0C91BC942}") = "Microsoft.ReactNative", "..\..\..\node_modules\react-native-windows\Microsoft.ReactNative\Microsoft.ReactNative.vcxproj", "{F7D32BD0-2749-483E-9A0D-1635EF7E3136}"
EndProject
Project("{8BC9CEB8-8B4A-11D0-8D11-00A0C91BC942}") = "Microsoft.ReactNative.Cxx", "..\..\..\node_modules\react-native-windows\Microsoft.ReactNative.Cxx\Microsoft.ReactNative.Cxx.vcxitems", "{DA8B35B3-DA00-4B02-BDE6-6A397B3FD46B}"
EndProject
Project("{8BC9CEB8-8B4A-11D0-8D11-00A0C91BC942}") = "Mso", "..\..\..\node_modules\react-native-windows\Mso\Mso.vcxitems", "{84E05BFA-CBAF-4F0D-BFB6-4CE85742A57E}"
EndProject
Project("{8BC9CEB8-8B4A-11D0-8D11-00A0C91BC942}") = "ReactCommon", "..\..\..\node_modules\react-native-windows\ReactCommon\ReactCommon.vcxproj", "{A9D95A91-4DB7-4F72-BEB6-FE8A5C89BFBD}"
EndProject
Project("{8BC9CEB8-8B4A-11D0-8D11-00A0C91BC942}") = "Microsoft.ReactNative.Shared", "..\..\..\node_modules\react-native-windows\Shared\Shared.vcxitems", "{2049DBE9-8D13-42C9-AE4B-413AE38FFFD0}"
EndProject
Project("{8BC9CEB8-8B4A-11D0-8D11-00A0C91BC942}") = "Folly", "..\..\..\node_modules\react-native-windows\Folly\Folly.vcxproj", "{A990658C-CE31-4BCC-976F-0FC6B1AF693D}"
EndProject
Project("{8BC9CEB8-8B4A-11D0-8D11-00A0C91BC942}") = "fmt", "..\..\..\node_modules\react-native-windows\fmt\fmt.vcxproj", "{14B93DC8-FD93-4A6D-81CB-8BC96644501C}"
EndProject
Project("{8BC9CEB8-8B4A-11D0-8D11-00A0C91BC942}") = "ReactNativePicker", "..\..\..\node_modules\@react-native-picker\picker\windows\ReactNativePicker\ReactNativePicker.vcxproj", "{BEDCC600-4541-41F2-AA46-9E058202B6AD}"
EndProject
Project("{8BC9CEB8-8B4A-11D0-8D11-00A0C91BC942}") = "SliderWindows", "..\..\..\node_modules\@react-native-community\slider\windows\SliderWindows\SliderWindows.vcxproj", "{685A83AE-36BC-4E9D-BDC6-417EBF168463}"
EndProject
Global
	GlobalSection(SharedMSBuildProjectFiles) = preSolution
		..\..\..\node_modules\react-native-windows\Shared\Shared.vcxitems*{2049dbe9-8d13-42c9-ae4b-413ae38fffd0}*SharedItemsImports = 9
		..\..\..\node_modules\react-native-windows\Microsoft.ReactNative.Cxx\Microsoft.ReactNative.Cxx.vcxitems*{685a83ae-36bc-4e9d-bdc6-417ebf168463}*SharedItemsImports = 4
		..\..\..\node_modules\react-native-windows\Mso\Mso.vcxitems*{84e05bfa-cbaf-4f0d-bfb6-4ce85742a57e}*SharedItemsImports = 9
		..\..\..\node_modules\react-native-windows\Chakra\Chakra.vcxitems*{c38970c0-5fbf-4d69-90d8-cbac225ae895}*SharedItemsImports = 9
		..\..\..\node_modules\react-native-windows\Microsoft.ReactNative.Cxx\Microsoft.ReactNative.Cxx.vcxitems*{da8b35b3-da00-4b02-bde6-6a397b3fd46b}*SharedItemsImports = 9
		..\..\..\node_modules\react-native-windows\Chakra\Chakra.vcxitems*{f7d32bd0-2749-483e-9a0d-1635ef7e3136}*SharedItemsImports = 4
		..\..\..\node_modules\react-native-windows\Microsoft.ReactNative.Cxx\Microsoft.ReactNative.Cxx.vcxitems*{f7d32bd0-2749-483e-9a0d-1635ef7e3136}*SharedItemsImports = 4
		..\..\..\node_modules\react-native-windows\Mso\Mso.vcxitems*{f7d32bd0-2749-483e-9a0d-1635ef7e3136}*SharedItemsImports = 4
		..\..\..\node_modules\react-native-windows\Shared\Shared.vcxitems*{f7d32bd0-2749-483e-9a0d-1635ef7e3136}*SharedItemsImports = 4
	EndGlobalSection
	GlobalSection(SolutionConfigurationPlatforms) = preSolution
		Debug|ARM64 = Debug|ARM64
		Debug|x64 = Debug|x64
		Debug|x86 = Debug|x86
		Release|ARM64 = Release|ARM64
		Release|x64 = Release|x64
		Release|x86 = Release|x86
	EndGlobalSection
	GlobalSection(ProjectConfigurationPlatforms) = postSolution
		{0150DBA6-11FD-457C-A1CA-B7D0712D2AB5}.Debug|ARM64.ActiveCfg = Debug|ARM64
		{0150DBA6-11FD-457C-A1CA-B7D0712D2AB5}.Debug|ARM64.Build.0 = Debug|ARM64
		{0150DBA6-11FD-457C-A1CA-B7D0712D2AB5}.Debug|ARM64.Deploy.0 = Debug|ARM64
		{0150DBA6-11FD-457C-A1CA-B7D0712D2AB5}.Debug|x64.ActiveCfg = Debug|x64
		{0150DBA6-11FD-457C-A1CA-B7D0712D2AB5}.Debug|x64.Build.0 = Debug|x64
		{0150DBA6-11FD-457C-A1CA-B7D0712D2AB5}.Debug|x64.Deploy.0 = Debug|x64
		{0150DBA6-11FD-457C-A1CA-B7D0712D2AB5}.Debug|x86.ActiveCfg = Debug|Win32
		{0150DBA6-11FD-457C-A1CA-B7D0712D2AB5}.Debug|x86.Build.0 = Debug|Win32
		{0150DBA6-11FD-457C-A1CA-B7D0712D2AB5}.Debug|x86.Deploy.0 = Debug|Win32
		{0150DBA6-11FD-457C-A1CA-B7D0712D2AB5}.Release|ARM64.ActiveCfg = Release|ARM64
		{0150DBA6-11FD-457C-A1CA-B7D0712D2AB5}.Release|ARM64.Build.0 = Release|ARM64
		{0150DBA6-11FD-457C-A1CA-B7D0712D2AB5}.Release|ARM64.Deploy.0 = Release|ARM64
		{0150DBA6-11FD-457C-A1CA-B7D0712D2AB5}.Release|x64.ActiveCfg = Release|x64
		{0150DBA6-11FD-457C-A1CA-B7D0712D2AB5}.Release|x64.Build.0 = Release|x64
		{0150DBA6-11FD-457C-A1CA-B7D0712D2AB5}.Release|x64.Deploy.0 = Release|x64
		{0150DBA6-11FD-457C-A1CA-B7D0712D2AB5}.Release|x86.ActiveCfg = Release|Win32
		{0150DBA6-11FD-457C-A1CA-B7D0712D2AB5}.Release|x86.Build.0 = Release|Win32
		{0150DBA6-11FD-457C-A1CA-B7D0712D2AB5}.Release|x86.Deploy.0 = Release|Win32
		{E5A7828D-F596-4793-80EC-4C071E575C58}.Debug|ARM64.ActiveCfg = Debug|ARM64
		{E5A7828D-F596-4793-80EC-4C071E575C58}.Debug|ARM64.Build.0 = Debug|ARM64
		{E5A7828D-F596-4793-80EC-4C071E575C58}.Debug|x64.ActiveCfg = Debug|x64
		{E5A7828D-F596-4793-80EC-4C071E575C58}.Debug|x64.Build.0 = Debug|x64
		{E5A7828D-F596-4793-80EC-4C071E575C58}.Debug|x86.ActiveCfg = Debug|Win32
		{E5A7828D-F596-4793-80EC-4C071E575C58}.Debug|x86.Build.0 = Debug|Win32
		{E5A7828D-F596-4793-80EC-4C071E575C58}.Release|ARM64.ActiveCfg = Release|ARM64
		{E5A7828D-F596-4793-80EC-4C071E575C58}.Release|ARM64.Build.0 = Release|ARM64
		{E5A7828D-F596-4793-80EC-4C071E575C58}.Release|x64.ActiveCfg = Release|x64
		{E5A7828D-F596-4793-80EC-4C071E575C58}.Release|x64.Build.0 = Release|x64
		{E5A7828D-F596-4793-80EC-4C071E575C58}.Release|x86.ActiveCfg = Release|Win32
		{E5A7828D-F596-4793-80EC-4C071E575C58}.Release|x86.Build.0 = Release|Win32
		{FCA38F3C-7C73-4C47-BE4E-32F77FA8538D}.Debug|ARM64.ActiveCfg = Debug|ARM64
		{FCA38F3C-7C73-4C47-BE4E-32F77FA8538D}.Debug|ARM64.Build.0 = Debug|ARM64
		{FCA38F3C-7C73-4C47-BE4E-32F77FA8538D}.Debug|x64.ActiveCfg = Debug|x64
		{FCA38F3C-7C73-4C47-BE4E-32F77FA8538D}.Debug|x64.Build.0 = Debug|x64
		{FCA38F3C-7C73-4C47-BE4E-32F77FA8538D}.Debug|x86.ActiveCfg = Debug|Win32
		{FCA38F3C-7C73-4C47-BE4E-32F77FA8538D}.Debug|x86.Build.0 = Debug|Win32
		{FCA38F3C-7C73-4C47-BE4E-32F77FA8538D}.Release|ARM64.ActiveCfg = Release|ARM64
		{FCA38F3C-7C73-4C47-BE4E-32F77FA8538D}.Release|ARM64.Build.0 = Release|ARM64
		{FCA38F3C-7C73-4C47-BE4E-32F77FA8538D}.Release|x64.ActiveCfg = Release|x64
		{FCA38F3C-7C73-4C47-BE4E-32F77FA8538D}.Release|x64.Build.0 = Release|x64
		{FCA38F3C-7C73-4C47-BE4E-32F77FA8538D}.Release|x86.ActiveCfg = Release|Win32
		{FCA38F3C-7C73-4C47-BE4E-32F77FA8538D}.Release|x86.Build.0 = Release|Win32
		{F7D32BD0-2749-483E-9A0D-1635EF7E3136}.Debug|ARM64.ActiveCfg = Debug|ARM64
		{F7D32BD0-2749-483E-9A0D-1635EF7E3136}.Debug|ARM64.Build.0 = Debug|ARM64
		{F7D32BD0-2749-483E-9A0D-1635EF7E3136}.Debug|x64.ActiveCfg = Debug|x64
		{F7D32BD0-2749-483E-9A0D-1635EF7E3136}.Debug|x64.Build.0 = Debug|x64
		{F7D32BD0-2749-483E-9A0D-1635EF7E3136}.Debug|x86.ActiveCfg = Debug|Win32
		{F7D32BD0-2749-483E-9A0D-1635EF7E3136}.Debug|x86.Build.0 = Debug|Win32
		{F7D32BD0-2749-483E-9A0D-1635EF7E3136}.Release|ARM64.ActiveCfg = Release|ARM64
		{F7D32BD0-2749-483E-9A0D-1635EF7E3136}.Release|ARM64.Build.0 = Release|ARM64
		{F7D32BD0-2749-483E-9A0D-1635EF7E3136}.Release|x64.ActiveCfg = Release|x64
		{F7D32BD0-2749-483E-9A0D-1635EF7E3136}.Release|x64.Build.0 = Release|x64
		{F7D32BD0-2749-483E-9A0D-1635EF7E3136}.Release|x86.ActiveCfg = Release|Win32
		{F7D32BD0-2749-483E-9A0D-1635EF7E3136}.Release|x86.Build.0 = Release|Win32
		{A9D95A91-4DB7-4F72-BEB6-FE8A5C89BFBD}.Debug|ARM64.ActiveCfg = Debug|ARM64
		{A9D95A91-4DB7-4F72-BEB6-FE8A5C89BFBD}.Debug|ARM64.Build.0 = Debug|ARM64
		{A9D95A91-4DB7-4F72-BEB6-FE8A5C89BFBD}.Debug|x64.ActiveCfg = Debug|x64
		{A9D95A91-4DB7-4F72-BEB6-FE8A5C89BFBD}.Debug|x64.Build.0 = Debug|x64
		{A9D95A91-4DB7-4F72-BEB6-FE8A5C89BFBD}.Debug|x86.ActiveCfg = Debug|Win32
		{A9D95A91-4DB7-4F72-BEB6-FE8A5C89BFBD}.Debug|x86.Build.0 = Debug|Win32
		{A9D95A91-4DB7-4F72-BEB6-FE8A5C89BFBD}.Release|ARM64.ActiveCfg = Release|ARM64
		{A9D95A91-4DB7-4F72-BEB6-FE8A5C89BFBD}.Release|ARM64.Build.0 = Release|ARM64
		{A9D95A91-4DB7-4F72-BEB6-FE8A5C89BFBD}.Release|x64.ActiveCfg = Release|x64
		{A9D95A91-4DB7-4F72-BEB6-FE8A5C89BFBD}.Release|x64.Build.0 = Release|x64
		{A9D95A91-4DB7-4F72-BEB6-FE8A5C89BFBD}.Release|x86.ActiveCfg = Release|Win32
		{A9D95A91-4DB7-4F72-BEB6-FE8A5C89BFBD}.Release|x86.Build.0 = Release|Win32
		{A990658C-CE31-4BCC-976F-0FC6B1AF693D}.Debug|ARM64.ActiveCfg = Debug|ARM64
		{A990658C-CE31-4BCC-976F-0FC6B1AF693D}.Debug|ARM64.Build.0 = Debug|ARM64
		{A990658C-CE31-4BCC-976F-0FC6B1AF693D}.Debug|x64.ActiveCfg = Debug|x64
		{A990658C-CE31-4BCC-976F-0FC6B1AF693D}.Debug|x64.Build.0 = Debug|x64
		{A990658C-CE31-4BCC-976F-0FC6B1AF693D}.Debug|x86.ActiveCfg = Debug|Win32
		{A990658C-CE31-4BCC-976F-0FC6B1AF693D}.Debug|x86.Build.0 = Debug|Win32
		{A990658C-CE31-4BCC-976F-0FC6B1AF693D}.Release|ARM64.ActiveCfg = Release|ARM64
		{A990658C-CE31-4BCC-976F-0FC6B1AF693D}.Release|ARM64.Build.0 = Release|ARM64
		{A990658C-CE31-4BCC-976F-0FC6B1AF693D}.Release|x64.ActiveCfg = Release|x64
		{A990658C-CE31-4BCC-976F-0FC6B1AF693D}.Release|x64.Build.0 = Release|x64
		{A990658C-CE31-4BCC-976F-0FC6B1AF693D}.Release|x86.ActiveCfg = Release|Win32
		{A990658C-CE31-4BCC-976F-0FC6B1AF693D}.Release|x86.Build.0 = Release|Win32
		{14B93DC8-FD93-4A6D-81CB-8BC96644501C}.Debug|ARM64.ActiveCfg = Debug|ARM64
		{14B93DC8-FD93-4A6D-81CB-8BC96644501C}.Debug|ARM64.Build.0 = Debug|ARM64
		{14B93DC8-FD93-4A6D-81CB-8BC96644501C}.Debug|x64.ActiveCfg = Debug|x64
		{14B93DC8-FD93-4A6D-81CB-8BC96644501C}.Debug|x64.Build.0 = Debug|x64
		{14B93DC8-FD93-4A6D-81CB-8BC96644501C}.Debug|x86.ActiveCfg = Debug|Win32
		{14B93DC8-FD93-4A6D-81CB-8BC96644501C}.Debug|x86.Build.0 = Debug|Win32
		{14B93DC8-FD93-4A6D-81CB-8BC96644501C}.Release|ARM64.ActiveCfg = Release|ARM64
		{14B93DC8-FD93-4A6D-81CB-8BC96644501C}.Release|ARM64.Build.0 = Release|ARM64
		{14B93DC8-FD93-4A6D-81CB-8BC96644501C}.Release|x64.ActiveCfg = Release|x64
		{14B93DC8-FD93-4A6D-81CB-8BC96644501C}.Release|x64.Build.0 = Release|x64
		{14B93DC8-FD93-4A6D-81CB-8BC96644501C}.Release|x86.ActiveCfg = Release|Win32
		{14B93DC8-FD93-4A6D-81CB-8BC96644501C}.Release|x86.Build.0 = Release|Win32
		{BEDCC600-4541-41F2-AA46-9E058202B6AD}.Debug|ARM64.ActiveCfg = Debug|ARM64
		{BEDCC600-4541-41F2-AA46-9E058202B6AD}.Debug|ARM64.Build.0 = Debug|ARM64
		{BEDCC600-4541-41F2-AA46-9E058202B6AD}.Debug|x64.ActiveCfg = Debug|x64
		{BEDCC600-4541-41F2-AA46-9E058202B6AD}.Debug|x64.Build.0 = Debug|x64
		{BEDCC600-4541-41F2-AA46-9E058202B6AD}.Debug|x86.ActiveCfg = Debug|Win32
		{BEDCC600-4541-41F2-AA46-9E058202B6AD}.Debug|x86.Build.0 = Debug|Win32
		{BEDCC600-4541-41F2-AA46-9E058202B6AD}.Release|ARM64.ActiveCfg = Release|ARM64
		{BEDCC600-4541-41F2-AA46-9E058202B6AD}.Release|ARM64.Build.0 = Release|ARM64
		{BEDCC600-4541-41F2-AA46-9E058202B6AD}.Release|x64.ActiveCfg = Release|x64
		{BEDCC600-4541-41F2-AA46-9E058202B6AD}.Release|x64.Build.0 = Release|x64
		{BEDCC600-4541-41F2-AA46-9E058202B6AD}.Release|x86.ActiveCfg = Release|Win32
		{BEDCC600-4541-41F2-AA46-9E058202B6AD}.Release|x86.Build.0 = Release|Win32
		{685A83AE-36BC-4E9D-BDC6-417EBF168463}.Debug|ARM64.ActiveCfg = Debug|ARM64
		{685A83AE-36BC-4E9D-BDC6-417EBF168463}.Debug|ARM64.Build.0 = Debug|ARM64
		{685A83AE-36BC-4E9D-BDC6-417EBF168463}.Debug|x64.ActiveCfg = Debug|x64
		{685A83AE-36BC-4E9D-BDC6-417EBF168463}.Debug|x64.Build.0 = Debug|x64
		{685A83AE-36BC-4E9D-BDC6-417EBF168463}.Debug|x86.ActiveCfg = Debug|Win32
		{685A83AE-36BC-4E9D-BDC6-417EBF168463}.Debug|x86.Build.0 = Debug|Win32
		{685A83AE-36BC-4E9D-BDC6-417EBF168463}.Release|ARM64.ActiveCfg = Release|ARM64
		{685A83AE-36BC-4E9D-BDC6-417EBF168463}.Release|ARM64.Build.0 = Release|ARM64
		{685A83AE-36BC-4E9D-BDC6-417EBF168463}.Release|x64.ActiveCfg = Release|x64
		{685A83AE-36BC-4E9D-BDC6-417EBF168463}.Release|x64.Build.0 = Release|x64
		{685A83AE-36BC-4E9D-BDC6-417EBF168463}.Release|x86.ActiveCfg = Release|Win32
		{685A83AE-36BC-4E9D-BDC6-417EBF168463}.Release|x86.Build.0 = Release|Win32
	EndGlobalSection
	GlobalSection(SolutionProperties) = preSolution
		HideSolutionNode = FALSE
	EndGlobalSection
	GlobalSection(NestedProjects) = preSolution
		{C38970C0-5FBF-4D69-90D8-CBAC225AE895} = {23A91460-FE88-4CE4-9ACA-A7EAA210ED3D}
		{FCA38F3C-7C73-4C47-BE4E-32F77FA8538D} = {23A91460-FE88-4CE4-9ACA-A7EAA210ED3D}
		{F7D32BD0-2749-483E-9A0D-1635EF7E3136} = {23A91460-FE88-4CE4-9ACA-A7EAA210ED3D}
		{DA8B35B3-DA00-4B02-BDE6-6A397B3FD46B} = {23A91460-FE88-4CE4-9ACA-A7EAA210ED3D}
		{84E05BFA-CBAF-4F0D-BFB6-4CE85742A57E} = {23A91460-FE88-4CE4-9ACA-A7EAA210ED3D}
		{A9D95A91-4DB7-4F72-BEB6-FE8A5C89BFBD} = {23A91460-FE88-4CE4-9ACA-A7EAA210ED3D}
		{2049DBE9-8D13-42C9-AE4B-413AE38FFFD0} = {23A91460-FE88-4CE4-9ACA-A7EAA210ED3D}
		{A990658C-CE31-4BCC-976F-0FC6B1AF693D} = {23A91460-FE88-4CE4-9ACA-A7EAA210ED3D}
		{14B93DC8-FD93-4A6D-81CB-8BC96644501C} = {23A91460-FE88-4CE4-9ACA-A7EAA210ED3D}
	EndGlobalSection
	GlobalSection(ExtensibilityGlobals) = postSolution
		SolutionGuid = {781E6579-8627-483C-8B66-891AFC970217}
	EndGlobalSection
EndGlobal
